
Microsoft Visual Studio Solution File, Format Version 12.00
# Visual Studio Version 17
VisualStudioVersion = 17.6.33801.468
MinimumVisualStudioVersion = 10.0.40219.1
Project("{FAE04EC0-301F-11D3-BF4B-00C04F79EFBC}") = "SportARP", "SportARP\SportARP.csproj", "{3EE4687B-6514-4568-84E9-4E7075AECD12}"
EndProject
Global
	GlobalSection(SolutionConfigurationPlatforms) = preSolution
		Debug|Any CPU = Debug|Any CPU
		Release|Any CPU = Release|Any CPU
	EndGlobalSection
	GlobalSection(ProjectConfigurationPlatforms) = postSolution
		{3EE4687B-6514-4568-84E9-4E7075AECD12}.Debug|Any CPU.ActiveCfg = Debug|Any CPU
		{3EE4687B-6514-4568-84E9-4E7075AECD12}.Debug|Any CPU.Build.0 = Debug|Any CPU
		{3EE4687B-6514-4568-84E9-4E7075AECD12}.Release|Any CPU.ActiveCfg = Release|Any CPU
		{3EE4687B-6514-4568-84E9-4E7075AECD12}.Release|Any CPU.Build.0 = Release|Any CPU
	EndGlobalSection
	GlobalSection(SolutionProperties) = preSolution
		HideSolutionNode = FALSE
	EndGlobalSection
	GlobalSection(ExtensibilityGlobals) = postSolution
		SolutionGuid = {82B33B76-9CCE-4041-B549-71777DC1F25E}
	EndGlobalSection
EndGlobal
